// !$*UTF8*$!
{
	archiveVersion = 1;
	classes = {
	};
	objectVersion = 46;
	objects = {

/* Begin PBXBuildFile section */
		E90579BC1A332A3E00265C46 /* AppDelegate.swift in Sources */ = {isa = PBXBuildFile; fileRef = E90579BB1A332A3E00265C46 /* AppDelegate.swift */; };
		E90579BF1A332A3E00265C46 /* Kogeri_Tid.xcdatamodeld in Sources */ = {isa = PBXBuildFile; fileRef = E90579BD1A332A3E00265C46 /* Kogeri_Tid.xcdatamodeld */; };
		E90579C11A332A3E00265C46 /* ViewController.swift in Sources */ = {isa = PBXBuildFile; fileRef = E90579C01A332A3E00265C46 /* ViewController.swift */; };
		E90579C41A332A3E00265C46 /* Main.storyboard in Resources */ = {isa = PBXBuildFile; fileRef = E90579C21A332A3E00265C46 /* Main.storyboard */; };
		E90579C61A332A3E00265C46 /* Images.xcassets in Resources */ = {isa = PBXBuildFile; fileRef = E90579C51A332A3E00265C46 /* Images.xcassets */; };
		E90579C91A332A3E00265C46 /* LaunchScreen.xib in Resources */ = {isa = PBXBuildFile; fileRef = E90579C71A332A3E00265C46 /* LaunchScreen.xib */; };
		E90579D51A332A3E00265C46 /* Kogeri_TidTests.swift in Sources */ = {isa = PBXBuildFile; fileRef = E90579D41A332A3E00265C46 /* Kogeri_TidTests.swift */; };
		E90579DF1A332EE100265C46 /* SecondaryViewController.swift in Sources */ = {isa = PBXBuildFile; fileRef = E90579DE1A332EE100265C46 /* SecondaryViewController.swift */; };
		E90CC47C1A33B011005FCEC7 /* bag background.JPG in Resources */ = {isa = PBXBuildFile; fileRef = E90CC47B1A33B011005FCEC7 /* bag background.JPG */; };
		E90CC47F1A33B85C005FCEC7 /* targitBackground.jpg in Resources */ = {isa = PBXBuildFile; fileRef = E90CC47D1A33B85C005FCEC7 /* targitBackground.jpg */; };
		E90CC4801A33B85C005FCEC7 /* winterBackground.jpg in Resources */ = {isa = PBXBuildFile; fileRef = E90CC47E1A33B85C005FCEC7 /* winterBackground.jpg */; };
		E90CC4821A33D205005FCEC7 /* splash.jpg in Resources */ = {isa = PBXBuildFile; fileRef = E90CC4811A33D205005FCEC7 /* splash.jpg */; };
		E90CC4841A348D52005FCEC7 /* CoreData.framework in Frameworks */ = {isa = PBXBuildFile; fileRef = E90CC4831A348D52005FCEC7 /* CoreData.framework */; };
		E90CC4881A349CFE005FCEC7 /* Media.xcassets in Resources */ = {isa = PBXBuildFile; fileRef = E90CC4871A349CFE005FCEC7 /* Media.xcassets */; };
		E927F8D11A6296C7008FD9F9 /* SlidePic06.JPG in Resources */ = {isa = PBXBuildFile; fileRef = E927F8B21A6296C7008FD9F9 /* SlidePic06.JPG */; };
		E927F8D21A6296C7008FD9F9 /* SlidePic02.JPG in Resources */ = {isa = PBXBuildFile; fileRef = E927F8B31A6296C7008FD9F9 /* SlidePic02.JPG */; };
		E927F8D31A6296C7008FD9F9 /* SlidePic03.JPG in Resources */ = {isa = PBXBuildFile; fileRef = E927F8B41A6296C7008FD9F9 /* SlidePic03.JPG */; };
		E927F8D41A6296C7008FD9F9 /* SlidePic04.JPG in Resources */ = {isa = PBXBuildFile; fileRef = E927F8B51A6296C7008FD9F9 /* SlidePic04.JPG */; };
		E927F8D51A6296C7008FD9F9 /* SlidePic05.JPG in Resources */ = {isa = PBXBuildFile; fileRef = E927F8B61A6296C7008FD9F9 /* SlidePic05.JPG */; };
		E927F8D61A6296C7008FD9F9 /* SlidePic01.JPG in Resources */ = {isa = PBXBuildFile; fileRef = E927F8B71A6296C7008FD9F9 /* SlidePic01.JPG */; };
		E927F8D71A6296C7008FD9F9 /* SlidePic07.JPG in Resources */ = {isa = PBXBuildFile; fileRef = E927F8B81A6296C7008FD9F9 /* SlidePic07.JPG */; };
		E927F8D81A6296C7008FD9F9 /* SlidePic08.JPG in Resources */ = {isa = PBXBuildFile; fileRef = E927F8B91A6296C7008FD9F9 /* SlidePic08.JPG */; };
		E927F8D91A6296C7008FD9F9 /* SlidePic09.JPG in Resources */ = {isa = PBXBuildFile; fileRef = E927F8BA1A6296C7008FD9F9 /* SlidePic09.JPG */; };
		E927F8DA1A6296C7008FD9F9 /* SlidePic10.JPG in Resources */ = {isa = PBXBuildFile; fileRef = E927F8BB1A6296C7008FD9F9 /* SlidePic10.JPG */; };
		E927F8DB1A6296C7008FD9F9 /* SlidePic11.JPG in Resources */ = {isa = PBXBuildFile; fileRef = E927F8BC1A6296C7008FD9F9 /* SlidePic11.JPG */; };
		E927F8DC1A6296C7008FD9F9 /* SlidePic12.JPG in Resources */ = {isa = PBXBuildFile; fileRef = E927F8BD1A6296C7008FD9F9 /* SlidePic12.JPG */; };
		E927F8DD1A6296C7008FD9F9 /* SlidePic13.JPG in Resources */ = {isa = PBXBuildFile; fileRef = E927F8BE1A6296C7008FD9F9 /* SlidePic13.JPG */; };
		E927F8DE1A6296C7008FD9F9 /* SlidePic14.JPG in Resources */ = {isa = PBXBuildFile; fileRef = E927F8BF1A6296C7008FD9F9 /* SlidePic14.JPG */; };
		E927F8DF1A6296C7008FD9F9 /* SlidePic15.JPG in Resources */ = {isa = PBXBuildFile; fileRef = E927F8C01A6296C7008FD9F9 /* SlidePic15.JPG */; };
		E927F8E01A6296C7008FD9F9 /* SlidePic16.JPG in Resources */ = {isa = PBXBuildFile; fileRef = E927F8C11A6296C7008FD9F9 /* SlidePic16.JPG */; };
		E927F8E11A6296C7008FD9F9 /* SlidePic17.JPG in Resources */ = {isa = PBXBuildFile; fileRef = E927F8C21A6296C7008FD9F9 /* SlidePic17.JPG */; };
		E927F8E21A6296C7008FD9F9 /* SlidePic18.JPG in Resources */ = {isa = PBXBuildFile; fileRef = E927F8C31A6296C7008FD9F9 /* SlidePic18.JPG */; };
		E927F8E31A6296C7008FD9F9 /* SlidePic19.JPG in Resources */ = {isa = PBXBuildFile; fileRef = E927F8C41A6296C7008FD9F9 /* SlidePic19.JPG */; };
		E927F8E41A6296C7008FD9F9 /* SlidePic20.JPG in Resources */ = {isa = PBXBuildFile; fileRef = E927F8C51A6296C7008FD9F9 /* SlidePic20.JPG */; };
		E927F8E51A6296C7008FD9F9 /* SlidePic21.JPG in Resources */ = {isa = PBXBuildFile; fileRef = E927F8C61A6296C7008FD9F9 /* SlidePic21.JPG */; };
		E927F8E61A6296C7008FD9F9 /* SlidePic22.JPG in Resources */ = {isa = PBXBuildFile; fileRef = E927F8C71A6296C7008FD9F9 /* SlidePic22.JPG */; };
		E927F8E71A6296C7008FD9F9 /* SlidePic23.JPG in Resources */ = {isa = PBXBuildFile; fileRef = E927F8C81A6296C7008FD9F9 /* SlidePic23.JPG */; };
		E927F8E81A6296C7008FD9F9 /* SlidePic24.JPG in Resources */ = {isa = PBXBuildFile; fileRef = E927F8C91A6296C7008FD9F9 /* SlidePic24.JPG */; };
		E927F8E91A6296C7008FD9F9 /* SlidePic25.JPG in Resources */ = {isa = PBXBuildFile; fileRef = E927F8CA1A6296C7008FD9F9 /* SlidePic25.JPG */; };
		E927F8EA1A6296C7008FD9F9 /* SlidePic26.JPG in Resources */ = {isa = PBXBuildFile; fileRef = E927F8CB1A6296C7008FD9F9 /* SlidePic26.JPG */; };
		E927F8EB1A6296C7008FD9F9 /* SlidePic27.JPG in Resources */ = {isa = PBXBuildFile; fileRef = E927F8CC1A6296C7008FD9F9 /* SlidePic27.JPG */; };
		E927F8EC1A6296C7008FD9F9 /* SlidePic28.JPG in Resources */ = {isa = PBXBuildFile; fileRef = E927F8CD1A6296C7008FD9F9 /* SlidePic28.JPG */; };
		E927F8ED1A6296C7008FD9F9 /* SlidePic29.JPG in Resources */ = {isa = PBXBuildFile; fileRef = E927F8CE1A6296C7008FD9F9 /* SlidePic29.JPG */; };
		E927F8EE1A6296C7008FD9F9 /* SlidePic30.JPG in Resources */ = {isa = PBXBuildFile; fileRef = E927F8CF1A6296C7008FD9F9 /* SlidePic30.JPG */; };
		E927F8EF1A6296C7008FD9F9 /* SlidePic31.JPG in Resources */ = {isa = PBXBuildFile; fileRef = E927F8D01A6296C7008FD9F9 /* SlidePic31.JPG */; };
		E98090CF1A33859F007981FA /* UIClockLabel.swift in Sources */ = {isa = PBXBuildFile; fileRef = E98090CE1A33859F007981FA /* UIClockLabel.swift */; };
		E9F573CC1A3DBDBE0095E976 /* NextShowDate.swift in Sources */ = {isa = PBXBuildFile; fileRef = E9F573CB1A3DBDBE0095E976 /* NextShowDate.swift */; };
		E9F773A91A384DEA00DB8BB1 /* RecipesViewController.swift in Sources */ = {isa = PBXBuildFile; fileRef = E9F773A81A384DEA00DB8BB1 /* RecipesViewController.swift */; };
		E9F773AB1A39062F00DB8BB1 /* RecipeTableViewCell.swift in Sources */ = {isa = PBXBuildFile; fileRef = E9F773AA1A39062F00DB8BB1 /* RecipeTableViewCell.swift */; };
/* End PBXBuildFile section */

/* Begin PBXContainerItemProxy section */
		E90579CF1A332A3E00265C46 /* PBXContainerItemProxy */ = {
			isa = PBXContainerItemProxy;
			containerPortal = E90579AE1A332A3E00265C46 /* Project object */;
			proxyType = 1;
			remoteGlobalIDString = E90579B51A332A3E00265C46;
			remoteInfo = "Kogeri Tid";
		};
/* End PBXContainerItemProxy section */

/* Begin PBXFileReference section */
		E90579B61A332A3E00265C46 /* Kogeri Tid.app */ = {isa = PBXFileReference; explicitFileType = wrapper.application; includeInIndex = 0; path = "Kogeri Tid.app"; sourceTree = BUILT_PRODUCTS_DIR; };
		E90579BA1A332A3E00265C46 /* Info.plist */ = {isa = PBXFileReference; lastKnownFileType = text.plist.xml; path = Info.plist; sourceTree = "<group>"; };
		E90579BB1A332A3E00265C46 /* AppDelegate.swift */ = {isa = PBXFileReference; lastKnownFileType = sourcecode.swift; path = AppDelegate.swift; sourceTree = "<group>"; };
		E90579BE1A332A3E00265C46 /* Kogeri_Tid.xcdatamodel */ = {isa = PBXFileReference; lastKnownFileType = wrapper.xcdatamodel; path = Kogeri_Tid.xcdatamodel; sourceTree = "<group>"; };
		E90579C01A332A3E00265C46 /* ViewController.swift */ = {isa = PBXFileReference; lastKnownFileType = sourcecode.swift; path = ViewController.swift; sourceTree = "<group>"; };
		E90579C31A332A3E00265C46 /* Base */ = {isa = PBXFileReference; lastKnownFileType = file.storyboard; name = Base; path = Base.lproj/Main.storyboard; sourceTree = "<group>"; };
		E90579C51A332A3E00265C46 /* Images.xcassets */ = {isa = PBXFileReference; lastKnownFileType = folder.assetcatalog; path = Images.xcassets; sourceTree = "<group>"; };
		E90579C81A332A3E00265C46 /* Base */ = {isa = PBXFileReference; lastKnownFileType = file.xib; name = Base; path = Base.lproj/LaunchScreen.xib; sourceTree = "<group>"; };
		E90579CE1A332A3E00265C46 /* Kogeri TidTests.xctest */ = {isa = PBXFileReference; explicitFileType = wrapper.cfbundle; includeInIndex = 0; path = "Kogeri TidTests.xctest"; sourceTree = BUILT_PRODUCTS_DIR; };
		E90579D31A332A3E00265C46 /* Info.plist */ = {isa = PBXFileReference; lastKnownFileType = text.plist.xml; path = Info.plist; sourceTree = "<group>"; };
		E90579D41A332A3E00265C46 /* Kogeri_TidTests.swift */ = {isa = PBXFileReference; lastKnownFileType = sourcecode.swift; path = Kogeri_TidTests.swift; sourceTree = "<group>"; };
		E90579DE1A332EE100265C46 /* SecondaryViewController.swift */ = {isa = PBXFileReference; fileEncoding = 4; lastKnownFileType = sourcecode.swift; path = SecondaryViewController.swift; sourceTree = "<group>"; };
		E90CC47B1A33B011005FCEC7 /* bag background.JPG */ = {isa = PBXFileReference; lastKnownFileType = image.jpeg; path = "bag background.JPG"; sourceTree = "<group>"; };
		E90CC47D1A33B85C005FCEC7 /* targitBackground.jpg */ = {isa = PBXFileReference; lastKnownFileType = image.jpeg; path = targitBackground.jpg; sourceTree = "<group>"; };
		E90CC47E1A33B85C005FCEC7 /* winterBackground.jpg */ = {isa = PBXFileReference; lastKnownFileType = image.jpeg; path = winterBackground.jpg; sourceTree = "<group>"; };
		E90CC4811A33D205005FCEC7 /* splash.jpg */ = {isa = PBXFileReference; lastKnownFileType = image.jpeg; path = splash.jpg; sourceTree = "<group>"; };
		E90CC4831A348D52005FCEC7 /* CoreData.framework */ = {isa = PBXFileReference; lastKnownFileType = wrapper.framework; name = CoreData.framework; path = System/Library/Frameworks/CoreData.framework; sourceTree = SDKROOT; };
		E90CC4871A349CFE005FCEC7 /* Media.xcassets */ = {isa = PBXFileReference; lastKnownFileType = folder.assetcatalog; path = Media.xcassets; sourceTree = "<group>"; };
		E927F8B21A6296C7008FD9F9 /* SlidePic06.JPG */ = {isa = PBXFileReference; lastKnownFileType = image.jpeg; path = SlidePic06.JPG; sourceTree = "<group>"; };
		E927F8B31A6296C7008FD9F9 /* SlidePic02.JPG */ = {isa = PBXFileReference; lastKnownFileType = image.jpeg; path = SlidePic02.JPG; sourceTree = "<group>"; };
		E927F8B41A6296C7008FD9F9 /* SlidePic03.JPG */ = {isa = PBXFileReference; lastKnownFileType = image.jpeg; path = SlidePic03.JPG; sourceTree = "<group>"; };
		E927F8B51A6296C7008FD9F9 /* SlidePic04.JPG */ = {isa = PBXFileReference; lastKnownFileType = image.jpeg; path = SlidePic04.JPG; sourceTree = "<group>"; };
		E927F8B61A6296C7008FD9F9 /* SlidePic05.JPG */ = {isa = PBXFileReference; lastKnownFileType = image.jpeg; path = SlidePic05.JPG; sourceTree = "<group>"; };
		E927F8B71A6296C7008FD9F9 /* SlidePic01.JPG */ = {isa = PBXFileReference; lastKnownFileType = image.jpeg; path = SlidePic01.JPG; sourceTree = "<group>"; };
		E927F8B81A6296C7008FD9F9 /* SlidePic07.JPG */ = {isa = PBXFileReference; lastKnownFileType = image.jpeg; path = SlidePic07.JPG; sourceTree = "<group>"; };
		E927F8B91A6296C7008FD9F9 /* SlidePic08.JPG */ = {isa = PBXFileReference; lastKnownFileType = image.jpeg; path = SlidePic08.JPG; sourceTree = "<group>"; };
		E927F8BA1A6296C7008FD9F9 /* SlidePic09.JPG */ = {isa = PBXFileReference; lastKnownFileType = image.jpeg; path = SlidePic09.JPG; sourceTree = "<group>"; };
		E927F8BB1A6296C7008FD9F9 /* SlidePic10.JPG */ = {isa = PBXFileReference; lastKnownFileType = image.jpeg; path = SlidePic10.JPG; sourceTree = "<group>"; };
		E927F8BC1A6296C7008FD9F9 /* SlidePic11.JPG */ = {isa = PBXFileReference; lastKnownFileType = image.jpeg; path = SlidePic11.JPG; sourceTree = "<group>"; };
		E927F8BD1A6296C7008FD9F9 /* SlidePic12.JPG */ = {isa = PBXFileReference; lastKnownFileType = image.jpeg; path = SlidePic12.JPG; sourceTree = "<group>"; };
		E927F8BE1A6296C7008FD9F9 /* SlidePic13.JPG */ = {isa = PBXFileReference; lastKnownFileType = image.jpeg; path = SlidePic13.JPG; sourceTree = "<group>"; };
		E927F8BF1A6296C7008FD9F9 /* SlidePic14.JPG */ = {isa = PBXFileReference; lastKnownFileType = image.jpeg; path = SlidePic14.JPG; sourceTree = "<group>"; };
		E927F8C01A6296C7008FD9F9 /* SlidePic15.JPG */ = {isa = PBXFileReference; lastKnownFileType = image.jpeg; path = SlidePic15.JPG; sourceTree = "<group>"; };
		E927F8C11A6296C7008FD9F9 /* SlidePic16.JPG */ = {isa = PBXFileReference; lastKnownFileType = image.jpeg; path = SlidePic16.JPG; sourceTree = "<group>"; };
		E927F8C21A6296C7008FD9F9 /* SlidePic17.JPG */ = {isa = PBXFileReference; lastKnownFileType = image.jpeg; path = SlidePic17.JPG; sourceTree = "<group>"; };
		E927F8C31A6296C7008FD9F9 /* SlidePic18.JPG */ = {isa = PBXFileReference; lastKnownFileType = image.jpeg; path = SlidePic18.JPG; sourceTree = "<group>"; };
		E927F8C41A6296C7008FD9F9 /* SlidePic19.JPG */ = {isa = PBXFileReference; lastKnownFileType = image.jpeg; path = SlidePic19.JPG; sourceTree = "<group>"; };
		E927F8C51A6296C7008FD9F9 /* SlidePic20.JPG */ = {isa = PBXFileReference; lastKnownFileType = image.jpeg; path = SlidePic20.JPG; sourceTree = "<group>"; };
		E927F8C61A6296C7008FD9F9 /* SlidePic21.JPG */ = {isa = PBXFileReference; lastKnownFileType = image.jpeg; path = SlidePic21.JPG; sourceTree = "<group>"; };
		E927F8C71A6296C7008FD9F9 /* SlidePic22.JPG */ = {isa = PBXFileReference; lastKnownFileType = image.jpeg; path = SlidePic22.JPG; sourceTree = "<group>"; };
		E927F8C81A6296C7008FD9F9 /* SlidePic23.JPG */ = {isa = PBXFileReference; lastKnownFileType = image.jpeg; path = SlidePic23.JPG; sourceTree = "<group>"; };
		E927F8C91A6296C7008FD9F9 /* SlidePic24.JPG */ = {isa = PBXFileReference; lastKnownFileType = image.jpeg; path = SlidePic24.JPG; sourceTree = "<group>"; };
		E927F8CA1A6296C7008FD9F9 /* SlidePic25.JPG */ = {isa = PBXFileReference; lastKnownFileType = image.jpeg; path = SlidePic25.JPG; sourceTree = "<group>"; };
		E927F8CB1A6296C7008FD9F9 /* SlidePic26.JPG */ = {isa = PBXFileReference; lastKnownFileType = image.jpeg; path = SlidePic26.JPG; sourceTree = "<group>"; };
		E927F8CC1A6296C7008FD9F9 /* SlidePic27.JPG */ = {isa = PBXFileReference; lastKnownFileType = image.jpeg; path = SlidePic27.JPG; sourceTree = "<group>"; };
		E927F8CD1A6296C7008FD9F9 /* SlidePic28.JPG */ = {isa = PBXFileReference; lastKnownFileType = image.jpeg; path = SlidePic28.JPG; sourceTree = "<group>"; };
		E927F8CE1A6296C7008FD9F9 /* SlidePic29.JPG */ = {isa = PBXFileReference; lastKnownFileType = image.jpeg; path = SlidePic29.JPG; sourceTree = "<group>"; };
		E927F8CF1A6296C7008FD9F9 /* SlidePic30.JPG */ = {isa = PBXFileReference; lastKnownFileType = image.jpeg; path = SlidePic30.JPG; sourceTree = "<group>"; };
		E927F8D01A6296C7008FD9F9 /* SlidePic31.JPG */ = {isa = PBXFileReference; lastKnownFileType = image.jpeg; path = SlidePic31.JPG; sourceTree = "<group>"; };
		E98090CE1A33859F007981FA /* UIClockLabel.swift */ = {isa = PBXFileReference; fileEncoding = 4; lastKnownFileType = sourcecode.swift; path = UIClockLabel.swift; sourceTree = "<group>"; };
		E9F573CB1A3DBDBE0095E976 /* NextShowDate.swift */ = {isa = PBXFileReference; fileEncoding = 4; lastKnownFileType = sourcecode.swift; path = NextShowDate.swift; sourceTree = "<group>"; };
		E9F773A81A384DEA00DB8BB1 /* RecipesViewController.swift */ = {isa = PBXFileReference; fileEncoding = 4; lastKnownFileType = sourcecode.swift; name = RecipesViewController.swift; path = ../RecipesViewController.swift; sourceTree = "<group>"; };
		E9F773AA1A39062F00DB8BB1 /* RecipeTableViewCell.swift */ = {isa = PBXFileReference; fileEncoding = 4; lastKnownFileType = sourcecode.swift; path = RecipeTableViewCell.swift; sourceTree = "<group>"; };
/* End PBXFileReference section */

/* Begin PBXFrameworksBuildPhase section */
		E90579B31A332A3E00265C46 /* Frameworks */ = {
			isa = PBXFrameworksBuildPhase;
			buildActionMask = 2147483647;
			files = (
				E90CC4841A348D52005FCEC7 /* CoreData.framework in Frameworks */,
			);
			runOnlyForDeploymentPostprocessing = 0;
		};
		E90579CB1A332A3E00265C46 /* Frameworks */ = {
			isa = PBXFrameworksBuildPhase;
			buildActionMask = 2147483647;
			files = (
			);
			runOnlyForDeploymentPostprocessing = 0;
		};
/* End PBXFrameworksBuildPhase section */

/* Begin PBXGroup section */
		E90579AD1A332A3E00265C46 = {
			isa = PBXGroup;
			children = (
				E90CC4871A349CFE005FCEC7 /* Media.xcassets */,
				E90579B81A332A3E00265C46 /* Kogeri Tid */,
				E90579D11A332A3E00265C46 /* Kogeri TidTests */,
				E90579B71A332A3E00265C46 /* Products */,
			);
			sourceTree = "<group>";
		};
		E90579B71A332A3E00265C46 /* Products */ = {
			isa = PBXGroup;
			children = (
				E90579B61A332A3E00265C46 /* Kogeri Tid.app */,
				E90579CE1A332A3E00265C46 /* Kogeri TidTests.xctest */,
			);
			name = Products;
			sourceTree = "<group>";
		};
		E90579B81A332A3E00265C46 /* Kogeri Tid */ = {
			isa = PBXGroup;
			children = (
				E90579BB1A332A3E00265C46 /* AppDelegate.swift */,
				E90579C01A332A3E00265C46 /* ViewController.swift */,
				E90579DE1A332EE100265C46 /* SecondaryViewController.swift */,
				E9F573CB1A3DBDBE0095E976 /* NextShowDate.swift */,
				E9F773A81A384DEA00DB8BB1 /* RecipesViewController.swift */,
				E90579C21A332A3E00265C46 /* Main.storyboard */,
				E9F773AA1A39062F00DB8BB1 /* RecipeTableViewCell.swift */,
				E90579C51A332A3E00265C46 /* Images.xcassets */,
				E90579C71A332A3E00265C46 /* LaunchScreen.xib */,
				E90579BD1A332A3E00265C46 /* Kogeri_Tid.xcdatamodeld */,
				E98090D01A3385A7007981FA /* Classes */,
				E90CC4861A348D70005FCEC7 /* Images */,
				E90CC4851A348D62005FCEC7 /* Frameworks */,
				E90579B91A332A3E00265C46 /* Supporting Files */,
			);
			path = "Kogeri Tid";
			sourceTree = "<group>";
		};
		E90579B91A332A3E00265C46 /* Supporting Files */ = {
			isa = PBXGroup;
			children = (
				E90579BA1A332A3E00265C46 /* Info.plist */,
			);
			name = "Supporting Files";
			sourceTree = "<group>";
		};
		E90579D11A332A3E00265C46 /* Kogeri TidTests */ = {
			isa = PBXGroup;
			children = (
				E90579D41A332A3E00265C46 /* Kogeri_TidTests.swift */,
				E90579D21A332A3E00265C46 /* Supporting Files */,
			);
			path = "Kogeri TidTests";
			sourceTree = "<group>";
		};
		E90579D21A332A3E00265C46 /* Supporting Files */ = {
			isa = PBXGroup;
			children = (
				E90579D31A332A3E00265C46 /* Info.plist */,
			);
			name = "Supporting Files";
			sourceTree = "<group>";
		};
		E90CC4851A348D62005FCEC7 /* Frameworks */ = {
			isa = PBXGroup;
			children = (
				E90CC4831A348D52005FCEC7 /* CoreData.framework */,
			);
			name = Frameworks;
			sourceTree = "<group>";
		};
		E90CC4861A348D70005FCEC7 /* Images */ = {
			isa = PBXGroup;
			children = (
				E949835C1A3C76AD0029E315 /* Slides */,
				E90CC47B1A33B011005FCEC7 /* bag background.JPG */,
				E90CC47D1A33B85C005FCEC7 /* targitBackground.jpg */,
				E90CC47E1A33B85C005FCEC7 /* winterBackground.jpg */,
				E90CC4811A33D205005FCEC7 /* splash.jpg */,
			);
			name = Images;
			sourceTree = "<group>";
		};
		E949835C1A3C76AD0029E315 /* Slides */ = {
			isa = PBXGroup;
			children = (
				E927F8B71A6296C7008FD9F9 /* SlidePic01.JPG */,
				E927F8B31A6296C7008FD9F9 /* SlidePic02.JPG */,
				E927F8B41A6296C7008FD9F9 /* SlidePic03.JPG */,
				E927F8B51A6296C7008FD9F9 /* SlidePic04.JPG */,
				E927F8B61A6296C7008FD9F9 /* SlidePic05.JPG */,
				E927F8B21A6296C7008FD9F9 /* SlidePic06.JPG */,
				E927F8B81A6296C7008FD9F9 /* SlidePic07.JPG */,
				E927F8B91A6296C7008FD9F9 /* SlidePic08.JPG */,
				E927F8BA1A6296C7008FD9F9 /* SlidePic09.JPG */,
				E927F8BB1A6296C7008FD9F9 /* SlidePic10.JPG */,
				E927F8BC1A6296C7008FD9F9 /* SlidePic11.JPG */,
				E927F8BD1A6296C7008FD9F9 /* SlidePic12.JPG */,
				E927F8BE1A6296C7008FD9F9 /* SlidePic13.JPG */,
				E927F8BF1A6296C7008FD9F9 /* SlidePic14.JPG */,
				E927F8C01A6296C7008FD9F9 /* SlidePic15.JPG */,
				E927F8C11A6296C7008FD9F9 /* SlidePic16.JPG */,
				E927F8C21A6296C7008FD9F9 /* SlidePic17.JPG */,
				E927F8C31A6296C7008FD9F9 /* SlidePic18.JPG */,
				E927F8C41A6296C7008FD9F9 /* SlidePic19.JPG */,
				E927F8C51A6296C7008FD9F9 /* SlidePic20.JPG */,
				E927F8C61A6296C7008FD9F9 /* SlidePic21.JPG */,
				E927F8C71A6296C7008FD9F9 /* SlidePic22.JPG */,
				E927F8C81A6296C7008FD9F9 /* SlidePic23.JPG */,
				E927F8C91A6296C7008FD9F9 /* SlidePic24.JPG */,
				E927F8CA1A6296C7008FD9F9 /* SlidePic25.JPG */,
				E927F8CB1A6296C7008FD9F9 /* SlidePic26.JPG */,
				E927F8CC1A6296C7008FD9F9 /* SlidePic27.JPG */,
				E927F8CD1A6296C7008FD9F9 /* SlidePic28.JPG */,
				E927F8CE1A6296C7008FD9F9 /* SlidePic29.JPG */,
				E927F8CF1A6296C7008FD9F9 /* SlidePic30.JPG */,
				E927F8D01A6296C7008FD9F9 /* SlidePic31.JPG */,
			);
			name = Slides;
			sourceTree = "<group>";
		};
		E98090D01A3385A7007981FA /* Classes */ = {
			isa = PBXGroup;
			children = (
				E98090CE1A33859F007981FA /* UIClockLabel.swift */,
			);
			name = Classes;
			sourceTree = "<group>";
		};
/* End PBXGroup section */

/* Begin PBXNativeTarget section */
		E90579B51A332A3E00265C46 /* Kogeri Tid */ = {
			isa = PBXNativeTarget;
			buildConfigurationList = E90579D81A332A3E00265C46 /* Build configuration list for PBXNativeTarget "Kogeri Tid" */;
			buildPhases = (
				E90579B21A332A3E00265C46 /* Sources */,
				E90579B31A332A3E00265C46 /* Frameworks */,
				E90579B41A332A3E00265C46 /* Resources */,
			);
			buildRules = (
			);
			dependencies = (
			);
			name = "Kogeri Tid";
			productName = "Kogeri Tid";
			productReference = E90579B61A332A3E00265C46 /* Kogeri Tid.app */;
			productType = "com.apple.product-type.application";
		};
		E90579CD1A332A3E00265C46 /* Kogeri TidTests */ = {
			isa = PBXNativeTarget;
			buildConfigurationList = E90579DB1A332A3E00265C46 /* Build configuration list for PBXNativeTarget "Kogeri TidTests" */;
			buildPhases = (
				E90579CA1A332A3E00265C46 /* Sources */,
				E90579CB1A332A3E00265C46 /* Frameworks */,
				E90579CC1A332A3E00265C46 /* Resources */,
			);
			buildRules = (
			);
			dependencies = (
				E90579D01A332A3E00265C46 /* PBXTargetDependency */,
			);
			name = "Kogeri TidTests";
			productName = "Kogeri TidTests";
			productReference = E90579CE1A332A3E00265C46 /* Kogeri TidTests.xctest */;
			productType = "com.apple.product-type.bundle.unit-test";
		};
/* End PBXNativeTarget section */

/* Begin PBXProject section */
		E90579AE1A332A3E00265C46 /* Project object */ = {
			isa = PBXProject;
			attributes = {
				LastUpgradeCheck = 0610;
				ORGANIZATIONNAME = "Normann Development";
				TargetAttributes = {
					E90579B51A332A3E00265C46 = {
						CreatedOnToolsVersion = 6.1.1;
						DevelopmentTeam = 84V6D2F8KM;
					};
					E90579CD1A332A3E00265C46 = {
						CreatedOnToolsVersion = 6.1.1;
						TestTargetID = E90579B51A332A3E00265C46;
					};
				};
			};
			buildConfigurationList = E90579B11A332A3E00265C46 /* Build configuration list for PBXProject "Kogeri Tid" */;
			compatibilityVersion = "Xcode 3.2";
			developmentRegion = English;
			hasScannedForEncodings = 0;
			knownRegions = (
				en,
				Base,
			);
			mainGroup = E90579AD1A332A3E00265C46;
			productRefGroup = E90579B71A332A3E00265C46 /* Products */;
			projectDirPath = "";
			projectRoot = "";
			targets = (
				E90579B51A332A3E00265C46 /* Kogeri Tid */,
				E90579CD1A332A3E00265C46 /* Kogeri TidTests */,
			);
		};
/* End PBXProject section */

/* Begin PBXResourcesBuildPhase section */
		E90579B41A332A3E00265C46 /* Resources */ = {
			isa = PBXResourcesBuildPhase;
			buildActionMask = 2147483647;
			files = (
				E927F8E41A6296C7008FD9F9 /* SlidePic20.JPG in Resources */,
				E927F8DF1A6296C7008FD9F9 /* SlidePic15.JPG in Resources */,
				E90579C41A332A3E00265C46 /* Main.storyboard in Resources */,
				E927F8DC1A6296C7008FD9F9 /* SlidePic12.JPG in Resources */,
				E90CC4821A33D205005FCEC7 /* splash.jpg in Resources */,
				E927F8EE1A6296C7008FD9F9 /* SlidePic30.JPG in Resources */,
				E927F8D81A6296C7008FD9F9 /* SlidePic08.JPG in Resources */,
				E927F8D61A6296C7008FD9F9 /* SlidePic01.JPG in Resources */,
				E927F8ED1A6296C7008FD9F9 /* SlidePic29.JPG in Resources */,
				E90CC4881A349CFE005FCEC7 /* Media.xcassets in Resources */,
				E927F8E71A6296C7008FD9F9 /* SlidePic23.JPG in Resources */,
				E927F8DB1A6296C7008FD9F9 /* SlidePic11.JPG in Resources */,
				E927F8D11A6296C7008FD9F9 /* SlidePic06.JPG in Resources */,
				E927F8DD1A6296C7008FD9F9 /* SlidePic13.JPG in Resources */,
				E927F8D31A6296C7008FD9F9 /* SlidePic03.JPG in Resources */,
				E927F8E31A6296C7008FD9F9 /* SlidePic19.JPG in Resources */,
				E927F8D71A6296C7008FD9F9 /* SlidePic07.JPG in Resources */,
				E90CC47F1A33B85C005FCEC7 /* targitBackground.jpg in Resources */,
				E927F8E81A6296C7008FD9F9 /* SlidePic24.JPG in Resources */,
				E927F8D41A6296C7008FD9F9 /* SlidePic04.JPG in Resources */,
				E927F8E61A6296C7008FD9F9 /* SlidePic22.JPG in Resources */,
				E927F8EF1A6296C7008FD9F9 /* SlidePic31.JPG in Resources */,
				E927F8E91A6296C7008FD9F9 /* SlidePic25.JPG in Resources */,
				E90579C91A332A3E00265C46 /* LaunchScreen.xib in Resources */,
				E927F8EB1A6296C7008FD9F9 /* SlidePic27.JPG in Resources */,
				E927F8DA1A6296C7008FD9F9 /* SlidePic10.JPG in Resources */,
				E927F8E11A6296C7008FD9F9 /* SlidePic17.JPG in Resources */,
				E927F8D51A6296C7008FD9F9 /* SlidePic05.JPG in Resources */,
				E927F8E01A6296C7008FD9F9 /* SlidePic16.JPG in Resources */,
				E927F8D91A6296C7008FD9F9 /* SlidePic09.JPG in Resources */,
				E927F8DE1A6296C7008FD9F9 /* SlidePic14.JPG in Resources */,
				E927F8EC1A6296C7008FD9F9 /* SlidePic28.JPG in Resources */,
				E927F8E21A6296C7008FD9F9 /* SlidePic18.JPG in Resources */,
				E927F8D21A6296C7008FD9F9 /* SlidePic02.JPG in Resources */,
				E90579C61A332A3E00265C46 /* Images.xcassets in Resources */,
				E927F8E51A6296C7008FD9F9 /* SlidePic21.JPG in Resources */,
				E90CC4801A33B85C005FCEC7 /* winterBackground.jpg in Resources */,
				E927F8EA1A6296C7008FD9F9 /* SlidePic26.JPG in Resources */,
				E90CC47C1A33B011005FCEC7 /* bag background.JPG in Resources */,
			);
			runOnlyForDeploymentPostprocessing = 0;
		};
		E90579CC1A332A3E00265C46 /* Resources */ = {
			isa = PBXResourcesBuildPhase;
			buildActionMask = 2147483647;
			files = (
			);
			runOnlyForDeploymentPostprocessing = 0;
		};
/* End PBXResourcesBuildPhase section */

/* Begin PBXSourcesBuildPhase section */
		E90579B21A332A3E00265C46 /* Sources */ = {
			isa = PBXSourcesBuildPhase;
			buildActionMask = 2147483647;
			files = (
				E90579C11A332A3E00265C46 /* ViewController.swift in Sources */,
				E90579BF1A332A3E00265C46 /* Kogeri_Tid.xcdatamodeld in Sources */,
				E90579BC1A332A3E00265C46 /* AppDelegate.swift in Sources */,
				E9F573CC1A3DBDBE0095E976 /* NextShowDate.swift in Sources */,
				E9F773AB1A39062F00DB8BB1 /* RecipeTableViewCell.swift in Sources */,
				E90579DF1A332EE100265C46 /* SecondaryViewController.swift in Sources */,
				E9F773A91A384DEA00DB8BB1 /* RecipesViewController.swift in Sources */,
				E98090CF1A33859F007981FA /* UIClockLabel.swift in Sources */,
			);
			runOnlyForDeploymentPostprocessing = 0;
		};
		E90579CA1A332A3E00265C46 /* Sources */ = {
			isa = PBXSourcesBuildPhase;
			buildActionMask = 2147483647;
			files = (
				E90579D51A332A3E00265C46 /* Kogeri_TidTests.swift in Sources */,
			);
			runOnlyForDeploymentPostprocessing = 0;
		};
/* End PBXSourcesBuildPhase section */

/* Begin PBXTargetDependency section */
		E90579D01A332A3E00265C46 /* PBXTargetDependency */ = {
			isa = PBXTargetDependency;
			target = E90579B51A332A3E00265C46 /* Kogeri Tid */;
			targetProxy = E90579CF1A332A3E00265C46 /* PBXContainerItemProxy */;
		};
/* End PBXTargetDependency section */

/* Begin PBXVariantGroup section */
		E90579C21A332A3E00265C46 /* Main.storyboard */ = {
			isa = PBXVariantGroup;
			children = (
				E90579C31A332A3E00265C46 /* Base */,
			);
			name = Main.storyboard;
			sourceTree = "<group>";
		};
		E90579C71A332A3E00265C46 /* LaunchScreen.xib */ = {
			isa = PBXVariantGroup;
			children = (
				E90579C81A332A3E00265C46 /* Base */,
			);
			name = LaunchScreen.xib;
			sourceTree = "<group>";
		};
/* End PBXVariantGroup section */

/* Begin XCBuildConfiguration section */
		E90579D61A332A3E00265C46 /* Debug */ = {
			isa = XCBuildConfiguration;
			buildSettings = {
				ALWAYS_SEARCH_USER_PATHS = NO;
				CLANG_CXX_LANGUAGE_STANDARD = "gnu++0x";
				CLANG_CXX_LIBRARY = "libc++";
				CLANG_ENABLE_MODULES = YES;
				CLANG_ENABLE_OBJC_ARC = YES;
				CLANG_WARN_BOOL_CONVERSION = YES;
				CLANG_WARN_CONSTANT_CONVERSION = YES;
				CLANG_WARN_DIRECT_OBJC_ISA_USAGE = YES_ERROR;
				CLANG_WARN_EMPTY_BODY = YES;
				CLANG_WARN_ENUM_CONVERSION = YES;
				CLANG_WARN_INT_CONVERSION = YES;
				CLANG_WARN_OBJC_ROOT_CLASS = YES_ERROR;
				CLANG_WARN_UNREACHABLE_CODE = YES;
				CLANG_WARN__DUPLICATE_METHOD_MATCH = YES;
				"CODE_SIGN_IDENTITY[sdk=iphoneos*]" = "iPhone Developer";
				COPY_PHASE_STRIP = NO;
				ENABLE_STRICT_OBJC_MSGSEND = YES;
				GCC_C_LANGUAGE_STANDARD = gnu99;
				GCC_DYNAMIC_NO_PIC = NO;
				GCC_OPTIMIZATION_LEVEL = 0;
				GCC_PREPROCESSOR_DEFINITIONS = (
					"DEBUG=1",
					"$(inherited)",
				);
				GCC_SYMBOLS_PRIVATE_EXTERN = NO;
				GCC_WARN_64_TO_32_BIT_CONVERSION = YES;
				GCC_WARN_ABOUT_RETURN_TYPE = YES_ERROR;
				GCC_WARN_UNDECLARED_SELECTOR = YES;
				GCC_WARN_UNINITIALIZED_AUTOS = YES_AGGRESSIVE;
				GCC_WARN_UNUSED_FUNCTION = YES;
				GCC_WARN_UNUSED_VARIABLE = YES;
				IPHONEOS_DEPLOYMENT_TARGET = 8.1;
				MTL_ENABLE_DEBUG_INFO = YES;
				ONLY_ACTIVE_ARCH = YES;
				SDKROOT = iphoneos;
				SWIFT_OPTIMIZATION_LEVEL = "-Onone";
				TARGETED_DEVICE_FAMILY = "1,2";
			};
			name = Debug;
		};
		E90579D71A332A3E00265C46 /* Release */ = {
			isa = XCBuildConfiguration;
			buildSettings = {
				ALWAYS_SEARCH_USER_PATHS = NO;
				CLANG_CXX_LANGUAGE_STANDARD = "gnu++0x";
				CLANG_CXX_LIBRARY = "libc++";
				CLANG_ENABLE_MODULES = YES;
				CLANG_ENABLE_OBJC_ARC = YES;
				CLANG_WARN_BOOL_CONVERSION = YES;
				CLANG_WARN_CONSTANT_CONVERSION = YES;
				CLANG_WARN_DIRECT_OBJC_ISA_USAGE = YES_ERROR;
				CLANG_WARN_EMPTY_BODY = YES;
				CLANG_WARN_ENUM_CONVERSION = YES;
				CLANG_WARN_INT_CONVERSION = YES;
				CLANG_WARN_OBJC_ROOT_CLASS = YES_ERROR;
				CLANG_WARN_UNREACHABLE_CODE = YES;
				CLANG_WARN__DUPLICATE_METHOD_MATCH = YES;
				"CODE_SIGN_IDENTITY[sdk=iphoneos*]" = "iPhone Developer";
				COPY_PHASE_STRIP = YES;
				ENABLE_NS_ASSERTIONS = NO;
				ENABLE_STRICT_OBJC_MSGSEND = YES;
				GCC_C_LANGUAGE_STANDARD = gnu99;
				GCC_WARN_64_TO_32_BIT_CONVERSION = YES;
				GCC_WARN_ABOUT_RETURN_TYPE = YES_ERROR;
				GCC_WARN_UNDECLARED_SELECTOR = YES;
				GCC_WARN_UNINITIALIZED_AUTOS = YES_AGGRESSIVE;
				GCC_WARN_UNUSED_FUNCTION = YES;
				GCC_WARN_UNUSED_VARIABLE = YES;
				IPHONEOS_DEPLOYMENT_TARGET = 8.1;
				MTL_ENABLE_DEBUG_INFO = NO;
				SDKROOT = iphoneos;
				TARGETED_DEVICE_FAMILY = "1,2";
				VALIDATE_PRODUCT = YES;
			};
			name = Release;
		};
		E90579D91A332A3E00265C46 /* Debug */ = {
			isa = XCBuildConfiguration;
			buildSettings = {
				ASSETCATALOG_COMPILER_APPICON_NAME = AppIcon;
				INFOPLIST_FILE = "Kogeri Tid/Info.plist";
				IPHONEOS_DEPLOYMENT_TARGET = 7.1;
				LD_RUNPATH_SEARCH_PATHS = "$(inherited) @executable_path/Frameworks";
				PRODUCT_NAME = "$(TARGET_NAME)";
			};
			name = Debug;
		};
		E90579DA1A332A3E00265C46 /* Release */ = {
			isa = XCBuildConfiguration;
			buildSettings = {
				ASSETCATALOG_COMPILER_APPICON_NAME = AppIcon;
				INFOPLIST_FILE = "Kogeri Tid/Info.plist";
				IPHONEOS_DEPLOYMENT_TARGET = 7.1;
				LD_RUNPATH_SEARCH_PATHS = "$(inherited) @executable_path/Frameworks";
				PRODUCT_NAME = "$(TARGET_NAME)";
			};
			name = Release;
		};
		E90579DC1A332A3E00265C46 /* Debug */ = {
			isa = XCBuildConfiguration;
			buildSettings = {
				BUNDLE_LOADER = "$(TEST_HOST)";
				FRAMEWORK_SEARCH_PATHS = (
					"$(SDKROOT)/Developer/Library/Frameworks",
					"$(inherited)",
				);
				GCC_PREPROCESSOR_DEFINITIONS = (
					"DEBUG=1",
					"$(inherited)",
				);
				INFOPLIST_FILE = "Kogeri TidTests/Info.plist";
				LD_RUNPATH_SEARCH_PATHS = "$(inherited) @executable_path/Frameworks @loader_path/Frameworks";
				PRODUCT_NAME = "$(TARGET_NAME)";
				TEST_HOST = "$(BUILT_PRODUCTS_DIR)/Kogeri Tid.app/Kogeri Tid";
			};
			name = Debug;
		};
		E90579DD1A332A3E00265C46 /* Release */ = {
			isa = XCBuildConfiguration;
			buildSettings = {
				BUNDLE_LOADER = "$(TEST_HOST)";
				FRAMEWORK_SEARCH_PATHS = (
					"$(SDKROOT)/Developer/Library/Frameworks",
					"$(inherited)",
				);
				INFOPLIST_FILE = "Kogeri TidTests/Info.plist";
				LD_RUNPATH_SEARCH_PATHS = "$(inherited) @executable_path/Frameworks @loader_path/Frameworks";
				PRODUCT_NAME = "$(TARGET_NAME)";
				TEST_HOST = "$(BUILT_PRODUCTS_DIR)/Kogeri Tid.app/Kogeri Tid";
			};
			name = Release;
		};
/* End XCBuildConfiguration section */

/* Begin XCConfigurationList section */
		E90579B11A332A3E00265C46 /* Build configuration list for PBXProject "Kogeri Tid" */ = {
			isa = XCConfigurationList;
			buildConfigurations = (
				E90579D61A332A3E00265C46 /* Debug */,
				E90579D71A332A3E00265C46 /* Release */,
			);
			defaultConfigurationIsVisible = 0;
			defaultConfigurationName = Release;
		};
		E90579D81A332A3E00265C46 /* Build configuration list for PBXNativeTarget "Kogeri Tid" */ = {
			isa = XCConfigurationList;
			buildConfigurations = (
				E90579D91A332A3E00265C46 /* Debug */,
				E90579DA1A332A3E00265C46 /* Release */,
			);
			defaultConfigurationIsVisible = 0;
			defaultConfigurationName = Release;
		};
		E90579DB1A332A3E00265C46 /* Build configuration list for PBXNativeTarget "Kogeri TidTests" */ = {
			isa = XCConfigurationList;
			buildConfigurations = (
				E90579DC1A332A3E00265C46 /* Debug */,
				E90579DD1A332A3E00265C46 /* Release */,
			);
			defaultConfigurationIsVisible = 0;
			defaultConfigurationName = Release;
		};
/* End XCConfigurationList section */

/* Begin XCVersionGroup section */
		E90579BD1A332A3E00265C46 /* Kogeri_Tid.xcdatamodeld */ = {
			isa = XCVersionGroup;
			children = (
				E90579BE1A332A3E00265C46 /* Kogeri_Tid.xcdatamodel */,
			);
			currentVersion = E90579BE1A332A3E00265C46 /* Kogeri_Tid.xcdatamodel */;
			path = Kogeri_Tid.xcdatamodeld;
			sourceTree = "<group>";
			versionGroupType = wrapper.xcdatamodel;
		};
/* End XCVersionGroup section */
	};
	rootObject = E90579AE1A332A3E00265C46 /* Project object */;
}
